// !$*UTF8*$!
{
	archiveVersion = 1;
	classes = {
	};
	objectVersion = 50;
	objects = {

/* Begin PBXBuildFile section */
		36D67121213CC96300132688 /* AppDelegate.m in Sources */ = {isa = PBXBuildFile; fileRef = 36D67120213CC96300132688 /* AppDelegate.m */; };
		36D67124213CC96300132688 /* ViewController.m in Sources */ = {isa = PBXBuildFile; fileRef = 36D67123213CC96300132688 /* ViewController.m */; };
		36D67127213CC96300132688 /* Main.storyboard in Resources */ = {isa = PBXBuildFile; fileRef = 36D67125213CC96300132688 /* Main.storyboard */; };
		36D67129213CC96E00132688 /* Assets.xcassets in Resources */ = {isa = PBXBuildFile; fileRef = 36D67128213CC96E00132688 /* Assets.xcassets */; };
		36D6712C213CC96E00132688 /* LaunchScreen.storyboard in Resources */ = {isa = PBXBuildFile; fileRef = 36D6712A213CC96E00132688 /* LaunchScreen.storyboard */; };
		36D6712F213CC96E00132688 /* main.m in Sources */ = {isa = PBXBuildFile; fileRef = 36D6712E213CC96E00132688 /* main.m */; };
		36D67139213CC96E00132688 /* ChildThread_OneTests.m in Sources */ = {isa = PBXBuildFile; fileRef = 36D67138213CC96E00132688 /* ChildThread_OneTests.m */; };
		36D67144213CC96E00132688 /* ChildThread_OneUITests.m in Sources */ = {isa = PBXBuildFile; fileRef = 36D67143213CC96E00132688 /* ChildThread_OneUITests.m */; };
		36D67153213CCB1E00132688 /* TabBarViewController.m in Sources */ = {isa = PBXBuildFile; fileRef = 36D67152213CCB1E00132688 /* TabBarViewController.m */; };
		36D67156213CCB3D00132688 /* BaseViewController.m in Sources */ = {isa = PBXBuildFile; fileRef = 36D67155213CCB3D00132688 /* BaseViewController.m */; };
		36D67159213CCB4C00132688 /* FirstViewController.m in Sources */ = {isa = PBXBuildFile; fileRef = 36D67158213CCB4C00132688 /* FirstViewController.m */; };
		36D6715C213CCB5300132688 /* SecondViewController.m in Sources */ = {isa = PBXBuildFile; fileRef = 36D6715B213CCB5300132688 /* SecondViewController.m */; };
		36D6715F213CCB5A00132688 /* ThirdViewController.m in Sources */ = {isa = PBXBuildFile; fileRef = 36D6715E213CCB5A00132688 /* ThirdViewController.m */; };
		36D67162213CCB6100132688 /* FourthViewController.m in Sources */ = {isa = PBXBuildFile; fileRef = 36D67161213CCB6100132688 /* FourthViewController.m */; };
		36D67166213CD4B300132688 /* CustomThread.m in Sources */ = {isa = PBXBuildFile; fileRef = 36D67165213CD4B300132688 /* CustomThread.m */; };
/* End PBXBuildFile section */

/* Begin PBXContainerItemProxy section */
		36D67135213CC96E00132688 /* PBXContainerItemProxy */ = {
			isa = PBXContainerItemProxy;
			containerPortal = 36D67114213CC96300132688 /* Project object */;
			proxyType = 1;
			remoteGlobalIDString = 36D6711B213CC96300132688;
			remoteInfo = ChildThread_One;
		};
		36D67140213CC96E00132688 /* PBXContainerItemProxy */ = {
			isa = PBXContainerItemProxy;
			containerPortal = 36D67114213CC96300132688 /* Project object */;
			proxyType = 1;
			remoteGlobalIDString = 36D6711B213CC96300132688;
			remoteInfo = ChildThread_One;
		};
/* End PBXContainerItemProxy section */

/* Begin PBXFileReference section */
		36D6711C213CC96300132688 /* ChildThread_One.app */ = {isa = PBXFileReference; explicitFileType = wrapper.application; includeInIndex = 0; path = ChildThread_One.app; sourceTree = BUILT_PRODUCTS_DIR; };
		36D6711F213CC96300132688 /* AppDelegate.h */ = {isa = PBXFileReference; lastKnownFileType = sourcecode.c.h; path = AppDelegate.h; sourceTree = "<group>"; };
		36D67120213CC96300132688 /* AppDelegate.m */ = {isa = PBXFileReference; lastKnownFileType = sourcecode.c.objc; path = AppDelegate.m; sourceTree = "<group>"; };
		36D67122213CC96300132688 /* ViewController.h */ = {isa = PBXFileReference; lastKnownFileType = sourcecode.c.h; path = ViewController.h; sourceTree = "<group>"; };
		36D67123213CC96300132688 /* ViewController.m */ = {isa = PBXFileReference; lastKnownFileType = sourcecode.c.objc; path = ViewController.m; sourceTree = "<group>"; };
		36D67126213CC96300132688 /* Base */ = {isa = PBXFileReference; lastKnownFileType = file.storyboard; name = Base; path = Base.lproj/Main.storyboard; sourceTree = "<group>"; };
		36D67128213CC96E00132688 /* Assets.xcassets */ = {isa = PBXFileReference; lastKnownFileType = folder.assetcatalog; path = Assets.xcassets; sourceTree = "<group>"; };
		36D6712B213CC96E00132688 /* Base */ = {isa = PBXFileReference; lastKnownFileType = file.storyboard; name = Base; path = Base.lproj/LaunchScreen.storyboard; sourceTree = "<group>"; };
		36D6712D213CC96E00132688 /* Info.plist */ = {isa = PBXFileReference; lastKnownFileType = text.plist.xml; path = Info.plist; sourceTree = "<group>"; };
		36D6712E213CC96E00132688 /* main.m */ = {isa = PBXFileReference; lastKnownFileType = sourcecode.c.objc; path = main.m; sourceTree = "<group>"; };
		36D67134213CC96E00132688 /* ChildThread_OneTests.xctest */ = {isa = PBXFileReference; explicitFileType = wrapper.cfbundle; includeInIndex = 0; path = ChildThread_OneTests.xctest; sourceTree = BUILT_PRODUCTS_DIR; };
		36D67138213CC96E00132688 /* ChildThread_OneTests.m */ = {isa = PBXFileReference; lastKnownFileType = sourcecode.c.objc; path = ChildThread_OneTests.m; sourceTree = "<group>"; };
		36D6713A213CC96E00132688 /* Info.plist */ = {isa = PBXFileReference; lastKnownFileType = text.plist.xml; path = Info.plist; sourceTree = "<group>"; };
		36D6713F213CC96E00132688 /* ChildThread_OneUITests.xctest */ = {isa = PBXFileReference; explicitFileType = wrapper.cfbundle; includeInIndex = 0; path = ChildThread_OneUITests.xctest; sourceTree = BUILT_PRODUCTS_DIR; };
		36D67143213CC96E00132688 /* ChildThread_OneUITests.m */ = {isa = PBXFileReference; lastKnownFileType = sourcecode.c.objc; path = ChildThread_OneUITests.m; sourceTree = "<group>"; };
		36D67145213CC96E00132688 /* Info.plist */ = {isa = PBXFileReference; lastKnownFileType = text.plist.xml; path = Info.plist; sourceTree = "<group>"; };
		36D67151213CCB1E00132688 /* TabBarViewController.h */ = {isa = PBXFileReference; lastKnownFileType = sourcecode.c.h; path = TabBarViewController.h; sourceTree = "<group>"; };
		36D67152213CCB1E00132688 /* TabBarViewController.m */ = {isa = PBXFileReference; lastKnownFileType = sourcecode.c.objc; path = TabBarViewController.m; sourceTree = "<group>"; };
		36D67154213CCB3D00132688 /* BaseViewController.h */ = {isa = PBXFileReference; lastKnownFileType = sourcecode.c.h; path = BaseViewController.h; sourceTree = "<group>"; };
		36D67155213CCB3D00132688 /* BaseViewController.m */ = {isa = PBXFileReference; lastKnownFileType = sourcecode.c.objc; path = BaseViewController.m; sourceTree = "<group>"; };
		36D67157213CCB4C00132688 /* FirstViewController.h */ = {isa = PBXFileReference; lastKnownFileType = sourcecode.c.h; path = FirstViewController.h; sourceTree = "<group>"; };
		36D67158213CCB4C00132688 /* FirstViewController.m */ = {isa = PBXFileReference; lastKnownFileType = sourcecode.c.objc; path = FirstViewController.m; sourceTree = "<group>"; };
		36D6715A213CCB5300132688 /* SecondViewController.h */ = {isa = PBXFileReference; lastKnownFileType = sourcecode.c.h; path = SecondViewController.h; sourceTree = "<group>"; };
		36D6715B213CCB5300132688 /* SecondViewController.m */ = {isa = PBXFileReference; lastKnownFileType = sourcecode.c.objc; path = SecondViewController.m; sourceTree = "<group>"; };
		36D6715D213CCB5A00132688 /* ThirdViewController.h */ = {isa = PBXFileReference; lastKnownFileType = sourcecode.c.h; path = ThirdViewController.h; sourceTree = "<group>"; };
		36D6715E213CCB5A00132688 /* ThirdViewController.m */ = {isa = PBXFileReference; lastKnownFileType = sourcecode.c.objc; path = ThirdViewController.m; sourceTree = "<group>"; };
		36D67160213CCB6100132688 /* FourthViewController.h */ = {isa = PBXFileReference; lastKnownFileType = sourcecode.c.h; path = FourthViewController.h; sourceTree = "<group>"; };
		36D67161213CCB6100132688 /* FourthViewController.m */ = {isa = PBXFileReference; lastKnownFileType = sourcecode.c.objc; path = FourthViewController.m; sourceTree = "<group>"; };
		36D67164213CD4B300132688 /* CustomThread.h */ = {isa = PBXFileReference; lastKnownFileType = sourcecode.c.h; path = CustomThread.h; sourceTree = "<group>"; };
		36D67165213CD4B300132688 /* CustomThread.m */ = {isa = PBXFileReference; lastKnownFileType = sourcecode.c.objc; path = CustomThread.m; sourceTree = "<group>"; };
/* End PBXFileReference section */

/* Begin PBXFrameworksBuildPhase section */
		36D67119213CC96300132688 /* Frameworks */ = {
			isa = PBXFrameworksBuildPhase;
			buildActionMask = 2147483647;
			files = (
			);
			runOnlyForDeploymentPostprocessing = 0;
		};
		36D67131213CC96E00132688 /* Frameworks */ = {
			isa = PBXFrameworksBuildPhase;
			buildActionMask = 2147483647;
			files = (
			);
			runOnlyForDeploymentPostprocessing = 0;
		};
		36D6713C213CC96E00132688 /* Frameworks */ = {
			isa = PBXFrameworksBuildPhase;
			buildActionMask = 2147483647;
			files = (
			);
			runOnlyForDeploymentPostprocessing = 0;
		};
/* End PBXFrameworksBuildPhase section */

/* Begin PBXGroup section */
		36D67113213CC96300132688 = {
			isa = PBXGroup;
			children = (
				36D6711E213CC96300132688 /* ChildThread_One */,
				36D67137213CC96E00132688 /* ChildThread_OneTests */,
				36D67142213CC96E00132688 /* ChildThread_OneUITests */,
				36D6711D213CC96300132688 /* Products */,
			);
			sourceTree = "<group>";
		};
		36D6711D213CC96300132688 /* Products */ = {
			isa = PBXGroup;
			children = (
				36D6711C213CC96300132688 /* ChildThread_One.app */,
				36D67134213CC96E00132688 /* ChildThread_OneTests.xctest */,
				36D6713F213CC96E00132688 /* ChildThread_OneUITests.xctest */,
			);
			name = Products;
			sourceTree = "<group>";
		};
		36D6711E213CC96300132688 /* ChildThread_One */ = {
			isa = PBXGroup;
			children = (
				36D67163213CD4A300132688 /* CustomThread */,
				36D6711F213CC96300132688 /* AppDelegate.h */,
				36D67120213CC96300132688 /* AppDelegate.m */,
				36D67122213CC96300132688 /* ViewController.h */,
				36D67123213CC96300132688 /* ViewController.m */,
				36D67125213CC96300132688 /* Main.storyboard */,
				36D67128213CC96E00132688 /* Assets.xcassets */,
				36D6712A213CC96E00132688 /* LaunchScreen.storyboard */,
				36D6712D213CC96E00132688 /* Info.plist */,
				36D6712E213CC96E00132688 /* main.m */,
				36D67151213CCB1E00132688 /* TabBarViewController.h */,
				36D67152213CCB1E00132688 /* TabBarViewController.m */,
				36D67154213CCB3D00132688 /* BaseViewController.h */,
				36D67155213CCB3D00132688 /* BaseViewController.m */,
				36D67157213CCB4C00132688 /* FirstViewController.h */,
				36D67158213CCB4C00132688 /* FirstViewController.m */,
				36D6715A213CCB5300132688 /* SecondViewController.h */,
				36D6715B213CCB5300132688 /* SecondViewController.m */,
				36D6715D213CCB5A00132688 /* ThirdViewController.h */,
				36D6715E213CCB5A00132688 /* ThirdViewController.m */,
				36D67160213CCB6100132688 /* FourthViewController.h */,
				36D67161213CCB6100132688 /* FourthViewController.m */,
			);
			path = ChildThread_One;
			sourceTree = "<group>";
		};
		36D67137213CC96E00132688 /* ChildThread_OneTests */ = {
			isa = PBXGroup;
			children = (
				36D67138213CC96E00132688 /* ChildThread_OneTests.m */,
				36D6713A213CC96E00132688 /* Info.plist */,
			);
			path = ChildThread_OneTests;
			sourceTree = "<group>";
		};
		36D67142213CC96E00132688 /* ChildThread_OneUITests */ = {
			isa = PBXGroup;
			children = (
				36D67143213CC96E00132688 /* ChildThread_OneUITests.m */,
				36D67145213CC96E00132688 /* Info.plist */,
			);
			path = ChildThread_OneUITests;
			sourceTree = "<group>";
		};
		36D67163213CD4A300132688 /* CustomThread */ = {
			isa = PBXGroup;
			children = (
				36D67164213CD4B300132688 /* CustomThread.h */,
				36D67165213CD4B300132688 /* CustomThread.m */,
			);
			path = CustomThread;
			sourceTree = "<group>";
		};
/* End PBXGroup section */

/* Begin PBXNativeTarget section */
		36D6711B213CC96300132688 /* ChildThread_One */ = {
			isa = PBXNativeTarget;
			buildConfigurationList = 36D67148213CC96E00132688 /* Build configuration list for PBXNativeTarget "ChildThread_One" */;
			buildPhases = (
				36D67118213CC96300132688 /* Sources */,
				36D67119213CC96300132688 /* Frameworks */,
				36D6711A213CC96300132688 /* Resources */,
			);
			buildRules = (
			);
			dependencies = (
			);
			name = ChildThread_One;
			productName = ChildThread_One;
			productReference = 36D6711C213CC96300132688 /* ChildThread_One.app */;
			productType = "com.apple.product-type.application";
		};
		36D67133213CC96E00132688 /* ChildThread_OneTests */ = {
			isa = PBXNativeTarget;
			buildConfigurationList = 36D6714B213CC96E00132688 /* Build configuration list for PBXNativeTarget "ChildThread_OneTests" */;
			buildPhases = (
				36D67130213CC96E00132688 /* Sources */,
				36D67131213CC96E00132688 /* Frameworks */,
				36D67132213CC96E00132688 /* Resources */,
			);
			buildRules = (
			);
			dependencies = (
				36D67136213CC96E00132688 /* PBXTargetDependency */,
			);
			name = ChildThread_OneTests;
			productName = ChildThread_OneTests;
			productReference = 36D67134213CC96E00132688 /* ChildThread_OneTests.xctest */;
			productType = "com.apple.product-type.bundle.unit-test";
		};
		36D6713E213CC96E00132688 /* ChildThread_OneUITests */ = {
			isa = PBXNativeTarget;
			buildConfigurationList = 36D6714E213CC96E00132688 /* Build configuration list for PBXNativeTarget "ChildThread_OneUITests" */;
			buildPhases = (
				36D6713B213CC96E00132688 /* Sources */,
				36D6713C213CC96E00132688 /* Frameworks */,
				36D6713D213CC96E00132688 /* Resources */,
			);
			buildRules = (
			);
			dependencies = (
				36D67141213CC96E00132688 /* PBXTargetDependency */,
			);
			name = ChildThread_OneUITests;
			productName = ChildThread_OneUITests;
			productReference = 36D6713F213CC96E00132688 /* ChildThread_OneUITests.xctest */;
			productType = "com.apple.product-type.bundle.ui-testing";
		};
/* End PBXNativeTarget section */

/* Begin PBXProject section */
		36D67114213CC96300132688 /* Project object */ = {
			isa = PBXProject;
			attributes = {
				LastUpgradeCheck = 0940;
				ORGANIZATIONNAME = "智富金融";
				TargetAttributes = {
					36D6711B213CC96300132688 = {
						CreatedOnToolsVersion = 9.4.1;
					};
					36D67133213CC96E00132688 = {
						CreatedOnToolsVersion = 9.4.1;
						TestTargetID = 36D6711B213CC96300132688;
					};
					36D6713E213CC96E00132688 = {
						CreatedOnToolsVersion = 9.4.1;
						TestTargetID = 36D6711B213CC96300132688;
					};
				};
			};
			buildConfigurationList = 36D67117213CC96300132688 /* Build configuration list for PBXProject "ChildThread_One" */;
			compatibilityVersion = "Xcode 9.3";
			developmentRegion = en;
			hasScannedForEncodings = 0;
			knownRegions = (
				en,
				Base,
			);
			mainGroup = 36D67113213CC96300132688;
			productRefGroup = 36D6711D213CC96300132688 /* Products */;
			projectDirPath = "";
			projectRoot = "";
			targets = (
				36D6711B213CC96300132688 /* ChildThread_One */,
				36D67133213CC96E00132688 /* ChildThread_OneTests */,
				36D6713E213CC96E00132688 /* ChildThread_OneUITests */,
			);
		};
/* End PBXProject section */

/* Begin PBXResourcesBuildPhase section */
		36D6711A213CC96300132688 /* Resources */ = {
			isa = PBXResourcesBuildPhase;
			buildActionMask = 2147483647;
			files = (
				36D6712C213CC96E00132688 /* LaunchScreen.storyboard in Resources */,
				36D67129213CC96E00132688 /* Assets.xcassets in Resources */,
				36D67127213CC96300132688 /* Main.storyboard in Resources */,
			);
			runOnlyForDeploymentPostprocessing = 0;
		};
		36D67132213CC96E00132688 /* Resources */ = {
			isa = PBXResourcesBuildPhase;
			buildActionMask = 2147483647;
			files = (
			);
			runOnlyForDeploymentPostprocessing = 0;
		};
		36D6713D213CC96E00132688 /* Resources */ = {
			isa = PBXResourcesBuildPhase;
			buildActionMask = 2147483647;
			files = (
			);
			runOnlyForDeploymentPostprocessing = 0;
		};
/* End PBXResourcesBuildPhase section */

/* Begin PBXSourcesBuildPhase section */
		36D67118213CC96300132688 /* Sources */ = {
			isa = PBXSourcesBuildPhase;
			buildActionMask = 2147483647;
			files = (
				36D67153213CCB1E00132688 /* TabBarViewController.m in Sources */,
				36D67159213CCB4C00132688 /* FirstViewController.m in Sources */,
				36D6715F213CCB5A00132688 /* ThirdViewController.m in Sources */,
				36D67156213CCB3D00132688 /* BaseViewController.m in Sources */,
				36D6715C213CCB5300132688 /* SecondViewController.m in Sources */,
				36D67124213CC96300132688 /* ViewController.m in Sources */,
				36D67162213CCB6100132688 /* FourthViewController.m in Sources */,
				36D6712F213CC96E00132688 /* main.m in Sources */,
				36D67166213CD4B300132688 /* CustomThread.m in Sources */,
				36D67121213CC96300132688 /* AppDelegate.m in Sources */,
			);
			runOnlyForDeploymentPostprocessing = 0;
		};
		36D67130213CC96E00132688 /* Sources */ = {
			isa = PBXSourcesBuildPhase;
			buildActionMask = 2147483647;
			files = (
				36D67139213CC96E00132688 /* ChildThread_OneTests.m in Sources */,
			);
			runOnlyForDeploymentPostprocessing = 0;
		};
		36D6713B213CC96E00132688 /* Sources */ = {
			isa = PBXSourcesBuildPhase;
			buildActionMask = 2147483647;
			files = (
				36D67144213CC96E00132688 /* ChildThread_OneUITests.m in Sources */,
			);
			runOnlyForDeploymentPostprocessing = 0;
		};
/* End PBXSourcesBuildPhase section */

/* Begin PBXTargetDependency section */
		36D67136213CC96E00132688 /* PBXTargetDependency */ = {
			isa = PBXTargetDependency;
			target = 36D6711B213CC96300132688 /* ChildThread_One */;
			targetProxy = 36D67135213CC96E00132688 /* PBXContainerItemProxy */;
		};
		36D67141213CC96E00132688 /* PBXTargetDependency */ = {
			isa = PBXTargetDependency;
			target = 36D6711B213CC96300132688 /* ChildThread_One */;
			targetProxy = 36D67140213CC96E00132688 /* PBXContainerItemProxy */;
		};
/* End PBXTargetDependency section */

/* Begin PBXVariantGroup section */
		36D67125213CC96300132688 /* Main.storyboard */ = {
			isa = PBXVariantGroup;
			children = (
				36D67126213CC96300132688 /* Base */,
			);
			name = Main.storyboard;
			sourceTree = "<group>";
		};
		36D6712A213CC96E00132688 /* LaunchScreen.storyboard */ = {
			isa = PBXVariantGroup;
			children = (
				36D6712B213CC96E00132688 /* Base */,
			);
			name = LaunchScreen.storyboard;
			sourceTree = "<group>";
		};
/* End PBXVariantGroup section */

/* Begin XCBuildConfiguration section */
		36D67146213CC96E00132688 /* Debug */ = {
			isa = XCBuildConfiguration;
			buildSettings = {
				ALWAYS_SEARCH_USER_PATHS = NO;
				CLANG_ANALYZER_NONNULL = YES;
				CLANG_ANALYZER_NUMBER_OBJECT_CONVERSION = YES_AGGRESSIVE;
				CLANG_CXX_LANGUAGE_STANDARD = "gnu++14";
				CLANG_CXX_LIBRARY = "libc++";
				CLANG_ENABLE_MODULES = YES;
				CLANG_ENABLE_OBJC_ARC = YES;
				CLANG_ENABLE_OBJC_WEAK = YES;
				CLANG_WARN_BLOCK_CAPTURE_AUTORELEASING = YES;
				CLANG_WARN_BOOL_CONVERSION = YES;
				CLANG_WARN_COMMA = YES;
				CLANG_WARN_CONSTANT_CONVERSION = YES;
				CLANG_WARN_DEPRECATED_OBJC_IMPLEMENTATIONS = YES;
				CLANG_WARN_DIRECT_OBJC_ISA_USAGE = YES_ERROR;
				CLANG_WARN_DOCUMENTATION_COMMENTS = YES;
				CLANG_WARN_EMPTY_BODY = YES;
				CLANG_WARN_ENUM_CONVERSION = YES;
				CLANG_WARN_INFINITE_RECURSION = YES;
				CLANG_WARN_INT_CONVERSION = YES;
				CLANG_WARN_NON_LITERAL_NULL_CONVERSION = YES;
				CLANG_WARN_OBJC_IMPLICIT_RETAIN_SELF = YES;
				CLANG_WARN_OBJC_LITERAL_CONVERSION = YES;
				CLANG_WARN_OBJC_ROOT_CLASS = YES_ERROR;
				CLANG_WARN_RANGE_LOOP_ANALYSIS = YES;
				CLANG_WARN_STRICT_PROTOTYPES = YES;
				CLANG_WARN_SUSPICIOUS_MOVE = YES;
				CLANG_WARN_UNGUARDED_AVAILABILITY = YES_AGGRESSIVE;
				CLANG_WARN_UNREACHABLE_CODE = YES;
				CLANG_WARN__DUPLICATE_METHOD_MATCH = YES;
				CODE_SIGN_IDENTITY = "iPhone Developer";
				COPY_PHASE_STRIP = NO;
				DEBUG_INFORMATION_FORMAT = dwarf;
				ENABLE_STRICT_OBJC_MSGSEND = YES;
				ENABLE_TESTABILITY = YES;
				GCC_C_LANGUAGE_STANDARD = gnu11;
				GCC_DYNAMIC_NO_PIC = NO;
				GCC_NO_COMMON_BLOCKS = YES;
				GCC_OPTIMIZATION_LEVEL = 0;
				GCC_PREPROCESSOR_DEFINITIONS = (
					"DEBUG=1",
					"$(inherited)",
				);
				GCC_WARN_64_TO_32_BIT_CONVERSION = YES;
				GCC_WARN_ABOUT_RETURN_TYPE = YES_ERROR;
				GCC_WARN_UNDECLARED_SELECTOR = YES;
				GCC_WARN_UNINITIALIZED_AUTOS = YES_AGGRESSIVE;
				GCC_WARN_UNUSED_FUNCTION = YES;
				GCC_WARN_UNUSED_VARIABLE = YES;
				IPHONEOS_DEPLOYMENT_TARGET = 11.4;
				MTL_ENABLE_DEBUG_INFO = YES;
				ONLY_ACTIVE_ARCH = YES;
				SDKROOT = iphoneos;
			};
			name = Debug;
		};
		36D67147213CC96E00132688 /* Release */ = {
			isa = XCBuildConfiguration;
			buildSettings = {
				ALWAYS_SEARCH_USER_PATHS = NO;
				CLANG_ANALYZER_NONNULL = YES;
				CLANG_ANALYZER_NUMBER_OBJECT_CONVERSION = YES_AGGRESSIVE;
				CLANG_CXX_LANGUAGE_STANDARD = "gnu++14";
				CLANG_CXX_LIBRARY = "libc++";
				CLANG_ENABLE_MODULES = YES;
				CLANG_ENABLE_OBJC_ARC = YES;
				CLANG_ENABLE_OBJC_WEAK = YES;
				CLANG_WARN_BLOCK_CAPTURE_AUTORELEASING = YES;
				CLANG_WARN_BOOL_CONVERSION = YES;
				CLANG_WARN_COMMA = YES;
				CLANG_WARN_CONSTANT_CONVERSION = YES;
				CLANG_WARN_DEPRECATED_OBJC_IMPLEMENTATIONS = YES;
				CLANG_WARN_DIRECT_OBJC_ISA_USAGE = YES_ERROR;
				CLANG_WARN_DOCUMENTATION_COMMENTS = YES;
				CLANG_WARN_EMPTY_BODY = YES;
				CLANG_WARN_ENUM_CONVERSION = YES;
				CLANG_WARN_INFINITE_RECURSION = YES;
				CLANG_WARN_INT_CONVERSION = YES;
				CLANG_WARN_NON_LITERAL_NULL_CONVERSION = YES;
				CLANG_WARN_OBJC_IMPLICIT_RETAIN_SELF = YES;
				CLANG_WARN_OBJC_LITERAL_CONVERSION = YES;
				CLANG_WARN_OBJC_ROOT_CLASS = YES_ERROR;
				CLANG_WARN_RANGE_LOOP_ANALYSIS = YES;
				CLANG_WARN_STRICT_PROTOTYPES = YES;
				CLANG_WARN_SUSPICIOUS_MOVE = YES;
				CLANG_WARN_UNGUARDED_AVAILABILITY = YES_AGGRESSIVE;
				CLANG_WARN_UNREACHABLE_CODE = YES;
				CLANG_WARN__DUPLICATE_METHOD_MATCH = YES;
				CODE_SIGN_IDENTITY = "iPhone Developer";
				COPY_PHASE_STRIP = NO;
				DEBUG_INFORMATION_FORMAT = "dwarf-with-dsym";
				ENABLE_NS_ASSERTIONS = NO;
				ENABLE_STRICT_OBJC_MSGSEND = YES;
				GCC_C_LANGUAGE_STANDARD = gnu11;
				GCC_NO_COMMON_BLOCKS = YES;
				GCC_WARN_64_TO_32_BIT_CONVERSION = YES;
				GCC_WARN_ABOUT_RETURN_TYPE = YES_ERROR;
				GCC_WARN_UNDECLARED_SELECTOR = YES;
				GCC_WARN_UNINITIALIZED_AUTOS = YES_AGGRESSIVE;
				GCC_WARN_UNUSED_FUNCTION = YES;
				GCC_WARN_UNUSED_VARIABLE = YES;
				IPHONEOS_DEPLOYMENT_TARGET = 11.4;
				MTL_ENABLE_DEBUG_INFO = NO;
				SDKROOT = iphoneos;
				VALIDATE_PRODUCT = YES;
			};
			name = Release;
		};
		36D67149213CC96E00132688 /* Debug */ = {
			isa = XCBuildConfiguration;
			buildSettings = {
				ASSETCATALOG_COMPILER_APPICON_NAME = AppIcon;
				CODE_SIGN_STYLE = Automatic;
				DEVELOPMENT_TEAM = 7KMK843WA4;
				INFOPLIST_FILE = ChildThread_One/Info.plist;
				LD_RUNPATH_SEARCH_PATHS = (
					"$(inherited)",
					"@executable_path/Frameworks",
				);
				PRODUCT_BUNDLE_IDENTIFIER = "com.zhifu.zhifu360.ChildThread-One";
				PRODUCT_NAME = "$(TARGET_NAME)";
				TARGETED_DEVICE_FAMILY = "1,2";
			};
			name = Debug;
		};
		36D6714A213CC96E00132688 /* Release */ = {
			isa = XCBuildConfiguration;
			buildSettings = {
				ASSETCATALOG_COMPILER_APPICON_NAME = AppIcon;
				CODE_SIGN_STYLE = Automatic;
				DEVELOPMENT_TEAM = 7KMK843WA4;
				INFOPLIST_FILE = ChildThread_One/Info.plist;
				LD_RUNPATH_SEARCH_PATHS = (
					"$(inherited)",
					"@executable_path/Frameworks",
				);
				PRODUCT_BUNDLE_IDENTIFIER = "com.zhifu.zhifu360.ChildThread-One";
				PRODUCT_NAME = "$(TARGET_NAME)";
				TARGETED_DEVICE_FAMILY = "1,2";
			};
			name = Release;
		};
		36D6714C213CC96E00132688 /* Debug */ = {
			isa = XCBuildConfiguration;
			buildSettings = {
				BUNDLE_LOADER = "$(TEST_HOST)";
				CODE_SIGN_STYLE = Automatic;
				DEVELOPMENT_TEAM = 7KMK843WA4;
				INFOPLIST_FILE = ChildThread_OneTests/Info.plist;
				LD_RUNPATH_SEARCH_PATHS = (
					"$(inherited)",
					"@executable_path/Frameworks",
					"@loader_path/Frameworks",
				);
				PRODUCT_BUNDLE_IDENTIFIER = "com.zhifu.zhifu360.ChildThread-OneTests";
				PRODUCT_NAME = "$(TARGET_NAME)";
				TARGETED_DEVICE_FAMILY = "1,2";
				TEST_HOST = "$(BUILT_PRODUCTS_DIR)/ChildThread_One.app/ChildThread_One";
			};
			name = Debug;
		};
		36D6714D213CC96E00132688 /* Release */ = {
			isa = XCBuildConfiguration;
			buildSettings = {
				BUNDLE_LOADER = "$(TEST_HOST)";
				CODE_SIGN_STYLE = Automatic;
				DEVELOPMENT_TEAM = 7KMK843WA4;
				INFOPLIST_FILE = ChildThread_OneTests/Info.plist;
				LD_RUNPATH_SEARCH_PATHS = (
					"$(inherited)",
					"@executable_path/Frameworks",
					"@loader_path/Frameworks",
				);
				PRODUCT_BUNDLE_IDENTIFIER = "com.zhifu.zhifu360.ChildThread-OneTests";
				PRODUCT_NAME = "$(TARGET_NAME)";
				TARGETED_DEVICE_FAMILY = "1,2";
				TEST_HOST = "$(BUILT_PRODUCTS_DIR)/ChildThread_One.app/ChildThread_One";
			};
			name = Release;
		};
		36D6714F213CC96E00132688 /* Debug */ = {
			isa = XCBuildConfiguration;
			buildSettings = {
				CODE_SIGN_STYLE = Automatic;
				DEVELOPMENT_TEAM = 7KMK843WA4;
				INFOPLIST_FILE = ChildThread_OneUITests/Info.plist;
				LD_RUNPATH_SEARCH_PATHS = (
					"$(inherited)",
					"@executable_path/Frameworks",
					"@loader_path/Frameworks",
				);
				PRODUCT_BUNDLE_IDENTIFIER = "com.zhifu.zhifu360.ChildThread-OneUITests";
				PRODUCT_NAME = "$(TARGET_NAME)";
				TARGETED_DEVICE_FAMILY = "1,2";
				TEST_TARGET_NAME = ChildThread_One;
			};
			name = Debug;
		};
		36D67150213CC96E00132688 /* Release */ = {
			isa = XCBuildConfiguration;
			buildSettings = {
				CODE_SIGN_STYLE = Automatic;
				DEVELOPMENT_TEAM = 7KMK843WA4;
				INFOPLIST_FILE = ChildThread_OneUITests/Info.plist;
				LD_RUNPATH_SEARCH_PATHS = (
					"$(inherited)",
					"@executable_path/Frameworks",
					"@loader_path/Frameworks",
				);
				PRODUCT_BUNDLE_IDENTIFIER = "com.zhifu.zhifu360.ChildThread-OneUITests";
				PRODUCT_NAME = "$(TARGET_NAME)";
				TARGETED_DEVICE_FAMILY = "1,2";
				TEST_TARGET_NAME = ChildThread_One;
			};
			name = Release;
		};
/* End XCBuildConfiguration section */

/* Begin XCConfigurationList section */
		36D67117213CC96300132688 /* Build configuration list for PBXProject "ChildThread_One" */ = {
			isa = XCConfigurationList;
			buildConfigurations = (
				36D67146213CC96E00132688 /* Debug */,
				36D67147213CC96E00132688 /* Release */,
			);
			defaultConfigurationIsVisible = 0;
			defaultConfigurationName = Release;
		};
		36D67148213CC96E00132688 /* Build configuration list for PBXNativeTarget "ChildThread_One" */ = {
			isa = XCConfigurationList;
			buildConfigurations = (
				36D67149213CC96E00132688 /* Debug */,
				36D6714A213CC96E00132688 /* Release */,
			);
			defaultConfigurationIsVisible = 0;
			defaultConfigurationName = Release;
		};
		36D6714B213CC96E00132688 /* Build configuration list for PBXNativeTarget "ChildThread_OneTests" */ = {
			isa = XCConfigurationList;
			buildConfigurations = (
				36D6714C213CC96E00132688 /* Debug */,
				36D6714D213CC96E00132688 /* Release */,
			);
			defaultConfigurationIsVisible = 0;
			defaultConfigurationName = Release;
		};
		36D6714E213CC96E00132688 /* Build configuration list for PBXNativeTarget "ChildThread_OneUITests" */ = {
			isa = XCConfigurationList;
			buildConfigurations = (
				36D6714F213CC96E00132688 /* Debug */,
				36D67150213CC96E00132688 /* Release */,
			);
			defaultConfigurationIsVisible = 0;
			defaultConfigurationName = Release;
		};
/* End XCConfigurationList section */
	};
	rootObject = 36D67114213CC96300132688 /* Project object */;
}
